
Microsoft Visual Studio Solution File, Format Version 12.00
# Visual Studio Version 17
VisualStudioVersion = 17.10.35122.118
MinimumVisualStudioVersion = 10.0.40219.1
Project("{FAE04EC0-301F-11D3-BF4B-00C04F79EFBC}") = "LogKeep", "LogKeep\LogKeep.csproj", "{60E362BC-3E05-49FD-BB3A-41C361A2CCFB}"
EndProject
Global
	GlobalSection(SolutionConfigurationPlatforms) = preSolution
		Debug|Any CPU = Debug|Any CPU
		Release|Any CPU = Release|Any CPU
	EndGlobalSection
	GlobalSection(ProjectConfigurationPlatforms) = postSolution
		{60E362BC-3E05-49FD-BB3A-41C361A2CCFB}.Debug|Any CPU.ActiveCfg = Debug|Any CPU
		{60E362BC-3E05-49FD-BB3A-41C361A2CCFB}.Debug|Any CPU.Build.0 = Debug|Any CPU
		{60E362BC-3E05-49FD-BB3A-41C361A2CCFB}.Release|Any CPU.ActiveCfg = Release|Any CPU
		{60E362BC-3E05-49FD-BB3A-41C361A2CCFB}.Release|Any CPU.Build.0 = Release|Any CPU
	EndGlobalSection
	GlobalSection(SolutionProperties) = preSolution
		HideSolutionNode = FALSE
	EndGlobalSection
	GlobalSection(ExtensibilityGlobals) = postSolution
		SolutionGuid = {B9CF34A3-1FD9-4352-86C1-B9071E383070}
	EndGlobalSection
EndGlobal
